<?xml version="1.0" encoding="utf-8"?>
<Project ToolsVersion="4.0" xmlns="http://schemas.microsoft.com/developer/msbuild/2003">
  <ItemGroup>
    <Filter Include="Source Files">
      <UniqueIdentifier>{4FC737F1-C7A5-4376-A066-2A32D752A2FF}</UniqueIdentifier>
      <Extensions>cpp;c;cc;cxx;def;odl;idl;hpj;bat;asm;asmx</Extensions>
    </Filter>
    <Filter Include="Header Files">
      <UniqueIdentifier>{93995380-89BD-4b04-88EB-625FBE52EBFB}</UniqueIdentifier>
      <Extensions>h;hpp;hxx;hm;inl;inc;xsd</Extensions>
    </Filter>
    <Filter Include="Resource Files">
      <UniqueIdentifier>{67DA6AB6-F800-4c08-8B7A-83BB121AAD01}</UniqueIdentifier>
      <Extensions>rc;ico;cur;bmp;dlg;rc2;rct;bin;rgs;gif;jpg;jpeg;jpe;resx;tiff;tif;png;wav;mfcribbon-ms</Extensions>
    </Filter>
    <Filter Include="Source Files\Level">
      <UniqueIdentifier>{c607c0c6-4371-4f28-8a9b-735ea8f62e39}</UniqueIdentifier>
    </Filter>
    <Filter Include="Header Files\Level">
      <UniqueIdentifier>{faf47ec6-02c9-4bc1-9b19-b5b6f2622429}</UniqueIdentifier>
    </Filter>
    <Filter Include="Header Files\Entity">
      <UniqueIdentifier>{0b109425-fc6a-4bfc-a32b-f19d705c94bf}</UniqueIdentifier>
    </Filter>
    <Filter Include="Source Files\Entity">
      <UniqueIdentifier>{3ec190ce-f639-469b-83c0-482fa654c5bf}</UniqueIdentifier>
    </Filter>
    <Filter Include="Header Files\Component">
      <UniqueIdentifier>{3f9fd227-3d15-4adf-ac1d-ef2be1f7a5f0}</UniqueIdentifier>
    </Filter>
    <Filter Include="Source Files\Component">
      <UniqueIdentifier>{953b6ced-0a1e-449a-b64e-d7012308b3ac}</UniqueIdentifier>
    </Filter>
    <Filter Include="Header Files\Message">
      <UniqueIdentifier>{668f068b-f0b0-4adb-8163-49e4554e6a8b}</UniqueIdentifier>
    </Filter>
    <Filter Include="Source Files\Message">
      <UniqueIdentifier>{7fd1a0e1-593b-4a84-9911-2d57fbd7faa6}</UniqueIdentifier>
    </Filter>
    <Filter Include="Header Files\Utility">
      <UniqueIdentifier>{537771c5-c35f-4e71-a38f-dbe28f67c520}</UniqueIdentifier>
    </Filter>
    <Filter Include="Source Files\Utility">
      <UniqueIdentifier>{24068d92-f0a6-4763-aa36-4bdbe34ca972}</UniqueIdentifier>
    </Filter>
    <Filter Include="Header Files\Collision">
      <UniqueIdentifier>{8080f3ee-c08b-4a01-bdbe-5e0a016bb632}</UniqueIdentifier>
    </Filter>
    <Filter Include="Source Files\Collision">
      <UniqueIdentifier>{123f9b06-4470-4b47-b07b-c70966fbf2be}</UniqueIdentifier>
    </Filter>
    <Filter Include="Header Files\UI">
      <UniqueIdentifier>{a4142d48-0e31-4faf-be7e-645fabbbda74}</UniqueIdentifier>
    </Filter>
    <Filter Include="Header Files\UI\Window">
      <UniqueIdentifier>{88b66e92-52a4-4dab-a032-26ac7968bd84}</UniqueIdentifier>
    </Filter>
    <Filter Include="Source Files\UI">
      <UniqueIdentifier>{b076f4fe-8f92-4323-bf11-7ed03a1a158c}</UniqueIdentifier>
    </Filter>
    <Filter Include="Header Files\Message\Commands">
      <UniqueIdentifier>{75845b45-4fe5-416e-b7cb-a99280944fa5}</UniqueIdentifier>
    </Filter>
    <Filter Include="Source Files\Message\Commands">
      <UniqueIdentifier>{75c2a348-81e7-4a91-abbb-442806d5d6f7}</UniqueIdentifier>
    </Filter>
    <Filter Include="Source Files\UI\Window">
      <UniqueIdentifier>{918d95ef-65de-4c14-a1bd-9384211551ab}</UniqueIdentifier>
    </Filter>
    <Filter Include="Header Files\Graphics">
      <UniqueIdentifier>{84063ab8-7a39-4f4d-b0f5-6cb856ceb9e8}</UniqueIdentifier>
    </Filter>
    <Filter Include="Source Files\Graphics">
      <UniqueIdentifier>{1213c9b2-bb69-4788-b2c1-c2388297c444}</UniqueIdentifier>
    </Filter>
    <Filter Include="Source Files\UI\Controller">
      <UniqueIdentifier>{b6652a08-4d97-49e8-a709-42ecda122690}</UniqueIdentifier>
    </Filter>
    <Filter Include="Header Files\UI\Controller">
      <UniqueIdentifier>{5c1eae25-664e-4827-ad17-c296ee803702}</UniqueIdentifier>
    </Filter>
    <Filter Include="Header Files\Graphics\Camera">
      <UniqueIdentifier>{0edf0203-48f1-424a-9101-163055e2b5c6}</UniqueIdentifier>
    </Filter>
    <Filter Include="Source Files\Graphics\Camera">
      <UniqueIdentifier>{d0a3f00a-9900-4f11-8b33-f84d5385ba8a}</UniqueIdentifier>
    </Filter>
    <Filter Include="Header Files\Component\Scripts">
      <UniqueIdentifier>{35edfeb9-b41c-44c3-9f6a-436c52a3f275}</UniqueIdentifier>
    </Filter>
    <Filter Include="Source Files\Component\Scripts">
      <UniqueIdentifier>{55d73ab4-038c-4ba1-927d-0a7cff8979ae}</UniqueIdentifier>
    </Filter>
    <Filter Include="Header Files\Physics">
      <UniqueIdentifier>{f24ba431-952f-4413-a544-6e5bad9e5fb8}</UniqueIdentifier>
    </Filter>
    <Filter Include="Source Files\Physics">
      <UniqueIdentifier>{76732070-0e13-4a91-8c60-17d782209b60}</UniqueIdentifier>
    </Filter>
    <Filter Include="Header Files\Sound">
      <UniqueIdentifier>{5170db3e-cea5-4bfe-83e1-77c68c1cf8de}</UniqueIdentifier>
    </Filter>
    <Filter Include="Source Files\Sound">
      <UniqueIdentifier>{e0e47dac-c586-474e-a709-894f356be1e6}</UniqueIdentifier>
    </Filter>
  </ItemGroup>
  <ItemGroup>
    <ClInclude Include="include\Game.h">
      <Filter>Header Files</Filter>
    </ClInclude>
    <ClInclude Include="include\Level\LevelManager.h">
      <Filter>Header Files\Level</Filter>
    </ClInclude>
    <ClInclude Include="include\Level\Level.h">
      <Filter>Header Files\Level</Filter>
    </ClInclude>
    <ClInclude Include="include\Entity\Entity.h">
      <Filter>Header Files\Entity</Filter>
    </ClInclude>
    <ClInclude Include="include\Component\Component.h">
      <Filter>Header Files\Component</Filter>
    </ClInclude>
    <ClInclude Include="include\Message\Message.h">
      <Filter>Header Files\Message</Filter>
    </ClInclude>
    <ClInclude Include="include\Message\MessageProcessor.h">
      <Filter>Header Files\Message</Filter>
    </ClInclude>
    <ClInclude Include="include\Utility\Logger.h">
      <Filter>Header Files\Utility</Filter>
    </ClInclude>
    <ClInclude Include="include\Utility\LoggerManager.h">
      <Filter>Header Files\Utility</Filter>
    </ClInclude>
    <ClInclude Include="include\Utility\Tick.h">
      <Filter>Header Files\Utility</Filter>
    </ClInclude>
    <ClInclude Include="include\UI\Window\WindowBase.h">
      <Filter>Header Files\UI\Window</Filter>
    </ClInclude>
    <ClInclude Include="include\UI\Window\Button.h">
      <Filter>Header Files\UI\Window</Filter>
    </ClInclude>
    <ClInclude Include="include\UI\Window\WindowManager.h">
      <Filter>Header Files\UI\Window</Filter>
    </ClInclude>
    <ClInclude Include="include\UI\Window\Window.h">
      <Filter>Header Files\UI\Window</Filter>
    </ClInclude>
    <ClInclude Include="include\Utility\Logs.h">
      <Filter>Header Files\Utility</Filter>
    </ClInclude>
    <ClInclude Include="include\Message\Commands\Command.h">
      <Filter>Header Files\Message\Commands</Filter>
    </ClInclude>
    <ClInclude Include="include\Message\Commands\MouseCommand.h">
      <Filter>Header Files\Message\Commands</Filter>
    </ClInclude>
    <ClInclude Include="include\UI\InputManager.h">
      <Filter>Header Files\UI</Filter>
    </ClInclude>
    <ClInclude Include="include\Graphics\FontManager.h">
      <Filter>Header Files\Graphics</Filter>
    </ClInclude>
    <ClInclude Include="include\Graphics\Renderer.h">
      <Filter>Header Files\Graphics</Filter>
    </ClInclude>
    <ClInclude Include="include\Graphics\SpriteManager.h">
      <Filter>Header Files\Graphics</Filter>
    </ClInclude>
    <ClInclude Include="include\Utility\StringUtility.h">
      <Filter>Header Files\Utility</Filter>
    </ClInclude>
    <ClInclude Include="include\Graphics\Sprite.h">
      <Filter>Header Files\Graphics</Filter>
    </ClInclude>
    <ClInclude Include="include\Graphics\SpriteLoader.h">
      <Filter>Header Files\Graphics</Filter>
    </ClInclude>
    <ClInclude Include="include\Graphics\SpriteSheetLoader.h">
      <Filter>Header Files\Graphics</Filter>
    </ClInclude>
    <ClInclude Include="include\UI\Controller\Controller.h">
      <Filter>Header Files\UI\Controller</Filter>
    </ClInclude>
    <ClInclude Include="include\Graphics\SurfaceOperations.h">
      <Filter>Header Files\Graphics</Filter>
    </ClInclude>
    <ClInclude Include="include\UI\Controller\KeyboardController.h">
      <Filter>Header Files\UI\Controller</Filter>
    </ClInclude>
    <ClInclude Include="include\UI\Controller\MouseController.h">
      <Filter>Header Files\UI\Controller</Filter>
    </ClInclude>
    <ClInclude Include="include\Component\LocationComponent.h">
      <Filter>Header Files\Component</Filter>
    </ClInclude>
    <ClInclude Include="include\Graphics\TextureFactory.h">
      <Filter>Header Files\Graphics</Filter>
    </ClInclude>
    <ClInclude Include="include\UI\Window\TextElement.h">
      <Filter>Header Files\UI\Window</Filter>
    </ClInclude>
    <ClInclude Include="include\Component\VelocityComponent.h">
      <Filter>Header Files\Component</Filter>
    </ClInclude>
    <ClInclude Include="include\Collision\CollisionChecker.h">
      <Filter>Header Files\Collision</Filter>
    </ClInclude>
    <ClInclude Include="include\Message\LocationChangeMessage.h">
      <Filter>Header Files\Message</Filter>
    </ClInclude>
    <ClInclude Include="include\Message\MessageFactory.h">
      <Filter>Header Files\Message</Filter>
    </ClInclude>
    <ClInclude Include="include\Message\VelocityChangeMessage.h">
      <Filter>Header Files\Message</Filter>
    </ClInclude>
    <ClInclude Include="include\Component\GraphicsComponent.h">
      <Filter>Header Files\Component</Filter>
    </ClInclude>
    <ClInclude Include="include\Graphics\Camera\Camera.h">
      <Filter>Header Files\Graphics\Camera</Filter>
    </ClInclude>
    <ClInclude Include="include\Graphics\Camera\EntityTrackingCamera.h">
      <Filter>Header Files\Graphics\Camera</Filter>
    </ClInclude>
    <ClInclude Include="include\Component\CollisionComponent.h">
      <Filter>Header Files\Component</Filter>
    </ClInclude>
    <ClInclude Include="include\Message\CollisionMessage.h">
      <Filter>Header Files\Message</Filter>
    </ClInclude>
    <ClInclude Include="include\Component\InputComponent.h">
      <Filter>Header Files\Component</Filter>
    </ClInclude>
    <ClInclude Include="include\Message\SetVelocityMessage.h">
      <Filter>Header Files\Message</Filter>
    </ClInclude>
    <ClInclude Include="include\Message\Commands\ControlCommand.h">
      <Filter>Header Files\Message\Commands</Filter>
    </ClInclude>
    <ClInclude Include="include\Component\PhysicsComponent.h">
      <Filter>Header Files\Component</Filter>
    </ClInclude>
    <ClInclude Include="include\Component\Scripts\BulletScriptComponent.h">
      <Filter>Header Files\Component\Scripts</Filter>
    </ClInclude>
    <ClInclude Include="include\Message\GenericMessageWithNoData.h">
      <Filter>Header Files\Message</Filter>
    </ClInclude>
    <ClInclude Include="include\Component\AiComponent.h">
      <Filter>Header Files\Component</Filter>
    </ClInclude>
    <ClInclude Include="include\Component\FactionComponent.h">
      <Filter>Header Files\Component</Filter>
    </ClInclude>
    <ClInclude Include="include\Component\FollowingAiComponent.h">
      <Filter>Header Files\Component</Filter>
    </ClInclude>
    <ClInclude Include="include\Component\HealthComponent.h">
      <Filter>Header Files\Component</Filter>
    </ClInclude>
    <ClInclude Include="include\Entity\EntityFactory.h">
      <Filter>Header Files\Entity</Filter>
    </ClInclude>
    <ClInclude Include="include\UI\Window\TextBox.h">
      <Filter>Header Files\UI\Window</Filter>
    </ClInclude>
    <ClInclude Include="include\UI\Window\TextField.h">
      <Filter>Header Files\UI\Window</Filter>
    </ClInclude>
    <ClInclude Include="include\Component\WalkingAiComponent.h">
      <Filter>Header Files\Component</Filter>
    </ClInclude>
    <ClInclude Include="include\Physics\PhysicsHandler.h">
      <Filter>Header Files\Physics</Filter>
    </ClInclude>
    <ClInclude Include="include\Component\FlyingAiComponent.h">
      <Filter>Header Files\Component</Filter>
    </ClInclude>
    <ClInclude Include="include\Component\Scripts\EndLevelScriptComponent.h">
      <Filter>Header Files\Component\Scripts</Filter>
    </ClInclude>
    <ClInclude Include="include\Level\LevelGenerator.h">
      <Filter>Header Files\Level</Filter>
    </ClInclude>
    <ClInclude Include="include\Sound\Music.h">
      <Filter>Header Files\Sound</Filter>
    </ClInclude>
    <ClInclude Include="include\Sound\SoundEffects.h">
      <Filter>Header Files\Sound</Filter>
    </ClInclude>
    <ClInclude Include="include\Sound\SoundManager.h">
      <Filter>Header Files\Sound</Filter>
    </ClInclude>
    <ClInclude Include="include\Message\NewTiledSpriteMessage.h">
      <Filter>Header Files\Message</Filter>
    </ClInclude>
    <ClInclude Include="include\UI\Hud.h">
      <Filter>Header Files\UI</Filter>
    </ClInclude>
    <ClInclude Include="include\Component\Scripts\TempInvulnerabilityScript.h">
      <Filter>Header Files\Component\Scripts</Filter>
    </ClInclude>
  </ItemGroup>
  <ItemGroup>
    <ClCompile Include="src\Game.cpp">
      <Filter>Source Files</Filter>
    </ClCompile>
    <ClCompile Include="src\Level\LevelManager.cpp">
      <Filter>Source Files\Level</Filter>
    </ClCompile>
    <ClCompile Include="src\Level\Level.cpp">
      <Filter>Source Files\Level</Filter>
    </ClCompile>
    <ClCompile Include="src\Entity\Entity.cpp">
      <Filter>Source Files\Entity</Filter>
    </ClCompile>
    <ClCompile Include="src\Component\Component.cpp">
      <Filter>Source Files\Component</Filter>
    </ClCompile>
    <ClCompile Include="src\Message\Message.cpp">
      <Filter>Source Files\Message</Filter>
    </ClCompile>
    <ClCompile Include="main.cpp">
      <Filter>Source Files</Filter>
    </ClCompile>
    <ClCompile Include="src\Message\MessageProcessor.cpp">
      <Filter>Source Files\Message</Filter>
    </ClCompile>
    <ClCompile Include="src\Utility\Logger.cpp">
      <Filter>Source Files\Utility</Filter>
    </ClCompile>
    <ClCompile Include="src\Utility\LoggerManager.cpp">
      <Filter>Source Files\Utility</Filter>
    </ClCompile>
    <ClCompile Include="src\Utility\Tick.cpp">
      <Filter>Source Files\Utility</Filter>
    </ClCompile>
    <ClCompile Include="src\Collision\CollisionChecker.cpp">
      <Filter>Source Files\Collision</Filter>
    </ClCompile>
    <ClCompile Include="src\UI\Window\WindowBase.cpp">
      <Filter>Source Files\UI\Window</Filter>
    </ClCompile>
    <ClCompile Include="src\UI\Window\Button.cpp">
      <Filter>Source Files\UI\Window</Filter>
    </ClCompile>
    <ClCompile Include="src\UI\Window\WindowManager.cpp">
      <Filter>Source Files\UI\Window</Filter>
    </ClCompile>
    <ClCompile Include="src\UI\Window\Window.cpp">
      <Filter>Source Files\UI\Window</Filter>
    </ClCompile>
    <ClCompile Include="src\UI\InputManager.cpp">
      <Filter>Source Files\UI</Filter>
    </ClCompile>
    <ClCompile Include="src\Graphics\FontManager.cpp">
      <Filter>Source Files\Graphics</Filter>
    </ClCompile>
    <ClCompile Include="src\Graphics\Renderer.cpp">
      <Filter>Source Files\Graphics</Filter>
    </ClCompile>
    <ClCompile Include="src\Graphics\SpriteManager.cpp">
      <Filter>Source Files\Graphics</Filter>
    </ClCompile>
    <ClCompile Include="src\Utility\StringUtility.cpp">
      <Filter>Source Files\Utility</Filter>
    </ClCompile>
    <ClCompile Include="src\Graphics\Sprite.cpp">
      <Filter>Source Files\Graphics</Filter>
    </ClCompile>
    <ClCompile Include="src\Graphics\SpriteLoader.cpp">
      <Filter>Source Files\Graphics</Filter>
    </ClCompile>
    <ClCompile Include="src\Graphics\SpriteSheetLoader.cpp">
      <Filter>Source Files\Graphics</Filter>
    </ClCompile>
    <ClCompile Include="src\Graphics\SurfaceOperations.cpp">
      <Filter>Source Files\Graphics</Filter>
    </ClCompile>
    <ClCompile Include="src\UI\Controller\KeyboardController.cpp">
      <Filter>Source Files\UI\Controller</Filter>
    </ClCompile>
    <ClCompile Include="src\UI\Controller\MouseController.cpp">
      <Filter>Source Files\UI\Controller</Filter>
    </ClCompile>
    <ClCompile Include="src\Component\LocationComponent.cpp">
      <Filter>Source Files\Component</Filter>
    </ClCompile>
    <ClCompile Include="src\Graphics\TextureFactory.cpp">
      <Filter>Source Files\Graphics</Filter>
    </ClCompile>
    <ClCompile Include="src\UI\Window\TextElement.cpp">
      <Filter>Source Files\UI\Window</Filter>
    </ClCompile>
    <ClCompile Include="src\Component\VelocityComponent.cpp">
      <Filter>Source Files\Component</Filter>
    </ClCompile>
    <ClCompile Include="src\Message\MessageFactory.cpp">
      <Filter>Source Files\Message</Filter>
    </ClCompile>
    <ClCompile Include="src\Component\GraphicsComponent.cpp">
      <Filter>Source Files\Component</Filter>
    </ClCompile>
    <ClCompile Include="src\Graphics\Camera\EntityTrackingCamera.cpp">
      <Filter>Source Files\Graphics\Camera</Filter>
    </ClCompile>
    <ClCompile Include="src\UI\Controller\JoystickController.cpp">
      <Filter>Source Files\UI\Controller</Filter>
    </ClCompile>
    <ClCompile Include="src\Component\CollisionComponent.cpp">
      <Filter>Source Files\Component</Filter>
    </ClCompile>
    <ClCompile Include="src\Component\InputComponent.cpp">
      <Filter>Source Files\Component</Filter>
    </ClCompile>
    <ClCompile Include="src\Message\Commands\ControlCommand.cpp">
      <Filter>Source Files\Message\Commands</Filter>
    </ClCompile>
    <ClCompile Include="src\Component\PhysicsComponent.cpp">
      <Filter>Source Files\Component</Filter>
    </ClCompile>
    <ClCompile Include="src\Component\Scripts\BulletScriptComponent.cpp">
      <Filter>Source Files\Component\Scripts</Filter>
    </ClCompile>
    <ClCompile Include="src\Component\AiComponent.cpp">
      <Filter>Source Files\Component</Filter>
    </ClCompile>
    <ClCompile Include="src\Component\FactionComponent.cpp">
      <Filter>Source Files\Component</Filter>
    </ClCompile>
    <ClCompile Include="src\Component\FollowingAiComponent.cpp">
      <Filter>Source Files\Component</Filter>
    </ClCompile>
    <ClCompile Include="src\Component\HealthComponent.cpp">
      <Filter>Source Files\Component</Filter>
    </ClCompile>
    <ClCompile Include="src\Entity\EntityFactory.cpp">
      <Filter>Source Files\Entity</Filter>
    </ClCompile>
    <ClCompile Include="src\UI\Window\TextBox.cpp">
      <Filter>Source Files\UI\Window</Filter>
    </ClCompile>
    <ClCompile Include="src\UI\Window\TextField.cpp">
      <Filter>Source Files\UI\Window</Filter>
    </ClCompile>
    <ClCompile Include="src\Component\WalkingAiComponent.cpp">
      <Filter>Source Files</Filter>
    </ClCompile>
    <ClCompile Include="src\Physics\PhysicsHandler.cpp">
      <Filter>Source Files\Physics</Filter>
    </ClCompile>
    <ClCompile Include="src\Component\FlyingAiComponent.cpp">
      <Filter>Source Files\Component</Filter>
    </ClCompile>
    <ClCompile Include="src\Component\Scripts\EndLevelScriptComponent.cpp">
      <Filter>Source Files\Component\Scripts</Filter>
    </ClCompile>
    <ClCompile Include="src\Level\LevelGenerator.cpp">
      <Filter>Source Files\Level</Filter>
    </ClCompile>
    <ClCompile Include="src\Sound\Music.cpp">
      <Filter>Source Files\Sound</Filter>
    </ClCompile>
    <ClCompile Include="src\Sound\SoundEffects.cpp">
      <Filter>Source Files\Sound</Filter>
    </ClCompile>
    <ClCompile Include="src\Sound\SoundManager.cpp">
      <Filter>Source Files\Sound</Filter>
    </ClCompile>
    <ClCompile Include="src\UI\Hud.cpp">
      <Filter>Source Files\UI</Filter>
    </ClCompile>
    <ClCompile Include="src\Component\Scripts\TempInvulnerabilityScript.cpp">
      <Filter>Source Files\Component\Scripts</Filter>
    </ClCompile>
  </ItemGroup>
  <ItemGroup>
    <None Include="..\.gitignore">
      <Filter>Resource Files</Filter>
    </None>
    <None Include="..\LICENSE">
      <Filter>Resource Files</Filter>
    </None>
    <None Include="..\README.md">
      <Filter>Resource Files</Filter>
    </None>
    <None Include="data\sprites\sprites.dat">
      <Filter>Resource Files</Filter>
    </None>
    <None Include="data\sprites\spritesheets.dat">
      <Filter>Resource Files</Filter>
    </None>
    <None Include="data\music\music.dat">
      <Filter>Resource Files</Filter>
    </None>
    <None Include="data\music\Purple Motion - Charts overdrive.ogg">
      <Filter>Resource Files</Filter>
    </None>
    <None Include="data\sound\soundeffects.dat">
      <Filter>Resource Files</Filter>
    </None>
  </ItemGroup>
  <ItemGroup>
    <Image Include="data\sprites\spritesheet.bmp">
      <Filter>Resource Files</Filter>
    </Image>
    <Image Include="data\sprites\tiilit.bmp">
      <Filter>Resource Files</Filter>
    </Image>
    <Image Include="data\sprites\hud.bmp">
      <Filter>Resource Files</Filter>
    </Image>
  </ItemGroup>
  <ItemGroup>
    <Font Include="data\fonts\FreeMono.otf">
      <Filter>Resource Files</Filter>
    </Font>
  </ItemGroup>
</Project>